# THIS IS AN AUTOGENERATED FILE. DO NOT EDIT THIS FILE DIRECTLY.
# yarn lockfile v1


clsx@^1.1.1:
  version "1.2.1"
  resolved "https://registry.yarnpkg.com/clsx/-/clsx-1.2.1.tgz#0ddc4a20a549b59c93a4116bb26f5294ca17dc12"
  integrity sha512-EcR6r5a8bj6pu3ycsa/E/cKVGuTgZJZdsyUYHOksG/UHIiKfjxzRxYJpyVBwYaQeOvghal9fcc4PidlgzugAQg==

react-toastify@^9.1.2:
  version "9.1.2"
  resolved "https://registry.yarnpkg.com/react-toastify/-/react-toastify-9.1.2.tgz#293aa1f952240129fe485ae5cb2f8d09c652cf3f"
  integrity sha512-PBfzXO5jMGEtdYR5jxrORlNZZe/EuOkwvwKijMatsZZm8IZwLj01YvobeJYNjFcA6uy6CVrx2fzL9GWbhWPTDA==
  dependencies:
    clsx "^1.1.1"
